
Microsoft Visual Studio Solution File, Format Version 12.00
# Visual Studio Version 17
VisualStudioVersion = 17.3.32929.385
MinimumVisualStudioVersion = 10.0.40219.1
Project("{FAE04EC0-301F-11D3-BF4B-00C04F79EFBC}") = "TrabalhoPti", "TrabalhoPti.csproj", "{AA934F57-01E3-421C-875F-F45653392644}"
EndProject
Global
	GlobalSection(SolutionConfigurationPlatforms) = preSolution
		Debug|Any CPU = Debug|Any CPU
		Release|Any CPU = Release|Any CPU
	EndGlobalSection
	GlobalSection(ProjectConfigurationPlatforms) = postSolution
		{AA934F57-01E3-421C-875F-F45653392644}.Debug|Any CPU.ActiveCfg = Debug|Any CPU
		{AA934F57-01E3-421C-875F-F45653392644}.Debug|Any CPU.Build.0 = Debug|Any CPU
		{AA934F57-01E3-421C-875F-F45653392644}.Release|Any CPU.ActiveCfg = Release|Any CPU
		{AA934F57-01E3-421C-875F-F45653392644}.Release|Any CPU.Build.0 = Release|Any CPU
	EndGlobalSection
	GlobalSection(SolutionProperties) = preSolution
		HideSolutionNode = FALSE
	EndGlobalSection
	GlobalSection(ExtensibilityGlobals) = postSolution
		SolutionGuid = {E67F9EF2-1DE0-4E02-997F-1E98BDE31E54}
	EndGlobalSection
EndGlobal
